{
  "_note": "Auto-generated by scripts/guardian-prompt-lock.mjs. Commit alongside dualGuardian.ts changes.",
  "lockedAt": "2026-08-30T09:50:37.108Z",
  "judgeA": {
    "hash": "sha256:6a1c5c0312acb135def259ca87728a6a87d74eef96fd120bddc4f84d55610772",
    "length": 3304
  },
  "judgeB": {
    "hash": "sha256:2fb872da2f327a81f7b5dbb2e568be9bb9dfc89519ba88eea70ffcad2671247a",
    "length": 2787
  }
}
