{
  "_note": "Auto-generated by scripts/guardian-prompt-lock.mjs. Commit alongside dualGuardian.ts changes.",
  "lockedAt": "2026-08-30T09:50:37.108Z",
  "judgeA": {
    "hash": "sha256:9c5abfcb88bfee681a4e5640819182ff9aa3428c537c80b97d2140de1fc3ba5c",
    "length": 3369
  },
  "judgeB": {
    "hash": "sha256:53bb411277851b5a224b8220c073121c368fb2b16effe23b17e3d37a833ede75",
    "length": 2840
  }
}
