{
  "_note": "Auto-generated by scripts/guardian-prompt-lock.mjs. Commit alongside dualGuardian.ts changes.",
  "lockedAt": "2026-06-12T22:25:16.395Z",
  "judgeA": {
    "hash": "sha256:f3e7c9189a6bd7661f23a8ce60f5d4537b26049b3817f83cdaeb5507e38ead5a",
    "length": 2275
  },
  "judgeB": {
    "hash": "sha256:7a694c441f6897a07d41abdf246ee84c1d35b8933fa69b72088f7bf55469fdb7",
    "length": 1922
  }
}
